// !$*UTF8*$!
{
	archiveVersion = 1;
	classes = {
	};
	objectVersion = 56;
	objects = {

/* Begin PBXBuildFile section */
		135CB3F3294F5AD732F4B534 /* Pods_DCard_DCardUITests.framework in Frameworks */ = {isa = PBXBuildFile; fileRef = C3B819FDEFF0ADAEDF6652E5 /* Pods_DCard_DCardUITests.framework */; };
		3039B5F9A09B3CC8A0E0578D /* Pods_DCardTests.framework in Frameworks */ = {isa = PBXBuildFile; fileRef = 0418E050854616EFDA5F4DD5 /* Pods_DCardTests.framework */; };
		541A8D1B2964164600C59026 /* HomeViewController.swift in Sources */ = {isa = PBXBuildFile; fileRef = 541A8D192964164600C59026 /* HomeViewController.swift */; };
		541A8D1C2964164600C59026 /* HomeViewController.xib in Resources */ = {isa = PBXBuildFile; fileRef = 541A8D1A2964164600C59026 /* HomeViewController.xib */; };
		541A8D2829641F1F00C59026 /* BaseTargetType.swift in Sources */ = {isa = PBXBuildFile; fileRef = 541A8D1E29641F1F00C59026 /* BaseTargetType.swift */; };
		541A8D2929641F1F00C59026 /* BaseViewController.swift in Sources */ = {isa = PBXBuildFile; fileRef = 541A8D1F29641F1F00C59026 /* BaseViewController.swift */; };
		541A8D2A29641F1F00C59026 /* Wrapper.swift in Sources */ = {isa = PBXBuildFile; fileRef = 541A8D2029641F1F00C59026 /* Wrapper.swift */; };
		541A8D2B29641F1F00C59026 /* AppManager.swift in Sources */ = {isa = PBXBuildFile; fileRef = 541A8D2129641F1F00C59026 /* AppManager.swift */; };
		541A8D2C29641F1F00C59026 /* DLog.swift in Sources */ = {isa = PBXBuildFile; fileRef = 541A8D2229641F1F00C59026 /* DLog.swift */; };
		541A8D2D29641F1F00C59026 /* Constant.swift in Sources */ = {isa = PBXBuildFile; fileRef = 541A8D2329641F1F00C59026 /* Constant.swift */; };
		541A8D2E29641F1F00C59026 /* LocalizationManager.swift in Sources */ = {isa = PBXBuildFile; fileRef = 541A8D2429641F1F00C59026 /* LocalizationManager.swift */; };
		541A8D2F29641F1F00C59026 /* MoyaProvider+Extension.swift in Sources */ = {isa = PBXBuildFile; fileRef = 541A8D2629641F1F00C59026 /* MoyaProvider+Extension.swift */; };
		541A8D3029641F1F00C59026 /* UITableView+Extension.swift in Sources */ = {isa = PBXBuildFile; fileRef = 541A8D2729641F1F00C59026 /* UITableView+Extension.swift */; };
		541A8D3429641F8B00C59026 /* UserManager.swift in Sources */ = {isa = PBXBuildFile; fileRef = 541A8D3329641F8B00C59026 /* UserManager.swift */; };
		541A8D3729641FC300C59026 /* UserModel.swift in Sources */ = {isa = PBXBuildFile; fileRef = 541A8D3629641FC300C59026 /* UserModel.swift */; };
		541A8D3C296421E800C59026 /* TabBarController.swift in Sources */ = {isa = PBXBuildFile; fileRef = 541A8D3B296421E800C59026 /* TabBarController.swift */; };
		541A8D3F2964242D00C59026 /* InfoPlist.strings in Resources */ = {isa = PBXBuildFile; fileRef = 541A8D412964242D00C59026 /* InfoPlist.strings */; };
		541A8D462964252A00C59026 /* Localizable.strings in Resources */ = {isa = PBXBuildFile; fileRef = 541A8D482964252A00C59026 /* Localizable.strings */; };
		541A8D5129655DAE00C59026 /* LocalAuthenManager.swift in Sources */ = {isa = PBXBuildFile; fileRef = 541A8D5029655DAE00C59026 /* LocalAuthenManager.swift */; };
		541A8D582965702200C59026 /* R.generated.swift in Sources */ = {isa = PBXBuildFile; fileRef = 541A8D572965702200C59026 /* R.generated.swift */; };
		541A8D602966CFF900C59026 /* LockScreenViewController.swift in Sources */ = {isa = PBXBuildFile; fileRef = 541A8D5E2966CFF900C59026 /* LockScreenViewController.swift */; };
		541A8D612966CFF900C59026 /* LockScreenViewController.xib in Resources */ = {isa = PBXBuildFile; fileRef = 541A8D5F2966CFF900C59026 /* LockScreenViewController.xib */; };
		541A8D642966D70700C59026 /* NineGraphLockScreenViewController.swift in Sources */ = {isa = PBXBuildFile; fileRef = 541A8D632966D70700C59026 /* NineGraphLockScreenViewController.swift */; };
		541A8D7C29682D5B00C59026 /* GuidePagerViewCell.swift in Sources */ = {isa = PBXBuildFile; fileRef = 541A8D7529682D5B00C59026 /* GuidePagerViewCell.swift */; };
		541A8D7D29682D5B00C59026 /* GuidePagerViewCell.xib in Resources */ = {isa = PBXBuildFile; fileRef = 541A8D7629682D5B00C59026 /* GuidePagerViewCell.xib */; };
		541A8D7E29682D5B00C59026 /* GuideCollectionModel.swift in Sources */ = {isa = PBXBuildFile; fileRef = 541A8D7829682D5B00C59026 /* GuideCollectionModel.swift */; };
		541A8D7F29682D5B00C59026 /* GuideViewController.xib in Resources */ = {isa = PBXBuildFile; fileRef = 541A8D7A29682D5B00C59026 /* GuideViewController.xib */; };
		541A8D8029682D5B00C59026 /* GuideViewController.swift in Sources */ = {isa = PBXBuildFile; fileRef = 541A8D7B29682D5B00C59026 /* GuideViewController.swift */; };
		541A8D87296BFEC600C59026 /* UIFont+Extension.swift in Sources */ = {isa = PBXBuildFile; fileRef = 541A8D86296BFEC600C59026 /* UIFont+Extension.swift */; };
		541A8D88296C05BB00C59026 /* Roboto-Bold-3.ttf in Resources */ = {isa = PBXBuildFile; fileRef = 541A8D82296BFCFA00C59026 /* Roboto-Bold-3.ttf */; };
		541A8D89296C05BB00C59026 /* Roboto-Light-10.ttf in Resources */ = {isa = PBXBuildFile; fileRef = 541A8D84296BFCFB00C59026 /* Roboto-Light-10.ttf */; };
		541A8D8A296C05BB00C59026 /* Roboto-Medium-12.ttf in Resources */ = {isa = PBXBuildFile; fileRef = 541A8D85296BFCFB00C59026 /* Roboto-Medium-12.ttf */; };
		541A8D8B296C05BB00C59026 /* Roboto-Regular-14.ttf in Resources */ = {isa = PBXBuildFile; fileRef = 541A8D83296BFCFA00C59026 /* Roboto-Regular-14.ttf */; };
		541A8D92296C07D200C59026 /* DIN Bold.ttf in Resources */ = {isa = PBXBuildFile; fileRef = 541A8D90296C07D200C59026 /* DIN Bold.ttf */; };
		541A8D93296C07D200C59026 /* DIN Light.ttf in Resources */ = {isa = PBXBuildFile; fileRef = 541A8D91296C07D200C59026 /* DIN Light.ttf */; };
		542BC183296E8D2B00133659 /* SettingPasswordTipsTableViewCell.swift in Sources */ = {isa = PBXBuildFile; fileRef = 542BC181296E8D2B00133659 /* SettingPasswordTipsTableViewCell.swift */; };
		542BC184296E8D2B00133659 /* SettingPasswordTipsTableViewCell.xib in Resources */ = {isa = PBXBuildFile; fileRef = 542BC182296E8D2B00133659 /* SettingPasswordTipsTableViewCell.xib */; };
		542BC187296FF30600133659 /* BindPhoneViewController.swift in Sources */ = {isa = PBXBuildFile; fileRef = 542BC185296FF30600133659 /* BindPhoneViewController.swift */; };
		542BC188296FF30600133659 /* BindPhoneViewController.xib in Resources */ = {isa = PBXBuildFile; fileRef = 542BC186296FF30600133659 /* BindPhoneViewController.xib */; };
		542BC18B297001DD00133659 /* ChooseRegionViewController.swift in Sources */ = {isa = PBXBuildFile; fileRef = 542BC189297001DD00133659 /* ChooseRegionViewController.swift */; };
		542BC18C297001DD00133659 /* ChooseRegionViewController.xib in Resources */ = {isa = PBXBuildFile; fileRef = 542BC18A297001DD00133659 /* ChooseRegionViewController.xib */; };
		542BC18F297008EB00133659 /* ChooseRegionTableViewCell.swift in Sources */ = {isa = PBXBuildFile; fileRef = 542BC18D297008EB00133659 /* ChooseRegionTableViewCell.swift */; };
		542BC190297008EB00133659 /* ChooseRegionTableViewCell.xib in Resources */ = {isa = PBXBuildFile; fileRef = 542BC18E297008EB00133659 /* ChooseRegionTableViewCell.xib */; };
		542BC1932970F86A00133659 /* VerificationCodeViewController.swift in Sources */ = {isa = PBXBuildFile; fileRef = 542BC1912970F86A00133659 /* VerificationCodeViewController.swift */; };
		542BC1942970F86A00133659 /* VerificationCodeViewController.xib in Resources */ = {isa = PBXBuildFile; fileRef = 542BC1922970F86A00133659 /* VerificationCodeViewController.xib */; };
		542BC197297573BC00133659 /* FillInNameAndNationalViewController.swift in Sources */ = {isa = PBXBuildFile; fileRef = 542BC195297573BC00133659 /* FillInNameAndNationalViewController.swift */; };
		542BC198297573BC00133659 /* FillInNameAndNationalViewController.xib in Resources */ = {isa = PBXBuildFile; fileRef = 542BC196297573BC00133659 /* FillInNameAndNationalViewController.xib */; };
		542BC19B2975A26C00133659 /* ChooseRegionModel.swift in Sources */ = {isa = PBXBuildFile; fileRef = 542BC19A2975A26C00133659 /* ChooseRegionModel.swift */; };
		542BC19F2977026900133659 /* LoginViewController.swift in Sources */ = {isa = PBXBuildFile; fileRef = 542BC19D2977026900133659 /* LoginViewController.swift */; };
		542BC1A02977026900133659 /* LoginViewController.xib in Resources */ = {isa = PBXBuildFile; fileRef = 542BC19E2977026900133659 /* LoginViewController.xib */; };
		544ABBCF2987938A00C840FA /* ForgotPasswordEmailCheckViewController.swift in Sources */ = {isa = PBXBuildFile; fileRef = 544ABBCD2987938A00C840FA /* ForgotPasswordEmailCheckViewController.swift */; };
		544ABBD02987938A00C840FA /* ForgotPasswordEmailCheckViewController.xib in Resources */ = {isa = PBXBuildFile; fileRef = 544ABBCE2987938A00C840FA /* ForgotPasswordEmailCheckViewController.xib */; };
		545C56802978507800D7F058 /* BiometricsViewController.swift in Sources */ = {isa = PBXBuildFile; fileRef = 545C567E2978507800D7F058 /* BiometricsViewController.swift */; };
		545C56812978507800D7F058 /* BiometricsViewController.xib in Resources */ = {isa = PBXBuildFile; fileRef = 545C567F2978507800D7F058 /* BiometricsViewController.xib */; };
		545C56842984FB1D00D7F058 /* PasswordLoginViewController.swift in Sources */ = {isa = PBXBuildFile; fileRef = 545C56822984FB1D00D7F058 /* PasswordLoginViewController.swift */; };
		545C56852984FB1D00D7F058 /* PasswordLoginViewController.xib in Resources */ = {isa = PBXBuildFile; fileRef = 545C56832984FB1D00D7F058 /* PasswordLoginViewController.xib */; };
		545C56892985141100D7F058 /* VerifyYourIdentityGuideViewController.swift in Sources */ = {isa = PBXBuildFile; fileRef = 545C56872985141100D7F058 /* VerifyYourIdentityGuideViewController.swift */; };
		545C568A2985141100D7F058 /* VerifyYourIdentityGuideViewController.xib in Resources */ = {isa = PBXBuildFile; fileRef = 545C56882985141100D7F058 /* VerifyYourIdentityGuideViewController.xib */; };
		545C569929852B7000D7F058 /* KYCFillInNameAndNationalViewController.swift in Sources */ = {isa = PBXBuildFile; fileRef = 545C569729852B7000D7F058 /* KYCFillInNameAndNationalViewController.swift */; };
		545C569A29852B7000D7F058 /* KYCFillInNameAndNationalViewController.xib in Resources */ = {isa = PBXBuildFile; fileRef = 545C569829852B7000D7F058 /* KYCFillInNameAndNationalViewController.xib */; };
		545C569D2986142F00D7F058 /* FillInAddressViewController.swift in Sources */ = {isa = PBXBuildFile; fileRef = 545C569B2986142F00D7F058 /* FillInAddressViewController.swift */; };
		545C569E2986142F00D7F058 /* FillInAddressViewController.xib in Resources */ = {isa = PBXBuildFile; fileRef = 545C569C2986142F00D7F058 /* FillInAddressViewController.xib */; };
		5473220429879A18007B9AEA /* SecurityVerificationViewController.swift in Sources */ = {isa = PBXBuildFile; fileRef = 5473220229879A18007B9AEA /* SecurityVerificationViewController.swift */; };
		5473220529879A18007B9AEA /* SecurityVerificationViewController.xib in Resources */ = {isa = PBXBuildFile; fileRef = 5473220329879A18007B9AEA /* SecurityVerificationViewController.xib */; };
		547322082987BF0D007B9AEA /* SettingNewPasswordViewController.swift in Sources */ = {isa = PBXBuildFile; fileRef = 547322062987BF0D007B9AEA /* SettingNewPasswordViewController.swift */; };
		547322092987BF0D007B9AEA /* SettingNewPasswordViewController.xib in Resources */ = {isa = PBXBuildFile; fileRef = 547322072987BF0D007B9AEA /* SettingNewPasswordViewController.xib */; };
		547F4D0929640392007B05B9 /* AppDelegate.swift in Sources */ = {isa = PBXBuildFile; fileRef = 547F4D0829640392007B05B9 /* AppDelegate.swift */; };
		547F4D1229640392007B05B9 /* Assets.xcassets in Resources */ = {isa = PBXBuildFile; fileRef = 547F4D1129640392007B05B9 /* Assets.xcassets */; };
		547F4D1529640392007B05B9 /* LaunchScreen.storyboard in Resources */ = {isa = PBXBuildFile; fileRef = 547F4D1329640392007B05B9 /* LaunchScreen.storyboard */; };
		547F4D2029640393007B05B9 /* DCardTests.swift in Sources */ = {isa = PBXBuildFile; fileRef = 547F4D1F29640393007B05B9 /* DCardTests.swift */; };
		547F4D2A29640393007B05B9 /* DCardUITests.swift in Sources */ = {isa = PBXBuildFile; fileRef = 547F4D2929640393007B05B9 /* DCardUITests.swift */; };
		547F4D2C29640393007B05B9 /* DCardUITestsLaunchTests.swift in Sources */ = {isa = PBXBuildFile; fileRef = 547F4D2B29640393007B05B9 /* DCardUITestsLaunchTests.swift */; };
		54BBA10C296C0E0600EB316F /* StartExperienceViewController.swift in Sources */ = {isa = PBXBuildFile; fileRef = 54BBA10A296C0E0600EB316F /* StartExperienceViewController.swift */; };
		54BBA10D296C0E0600EB316F /* StartExperienceViewController.xib in Resources */ = {isa = PBXBuildFile; fileRef = 54BBA10B296C0E0600EB316F /* StartExperienceViewController.xib */; };
		54BBA116296D0B9200EB316F /* RegisterViewController.swift in Sources */ = {isa = PBXBuildFile; fileRef = 54BBA114296D0B9200EB316F /* RegisterViewController.swift */; };
		54BBA117296D0B9200EB316F /* RegisterViewController.xib in Resources */ = {isa = PBXBuildFile; fileRef = 54BBA115296D0B9200EB316F /* RegisterViewController.xib */; };
		54BBA11A296D7A5500EB316F /* SettingPasswordViewController.swift in Sources */ = {isa = PBXBuildFile; fileRef = 54BBA118296D7A5500EB316F /* SettingPasswordViewController.swift */; };
		54BBA11B296D7A5500EB316F /* SettingPasswordViewController.xib in Resources */ = {isa = PBXBuildFile; fileRef = 54BBA119296D7A5500EB316F /* SettingPasswordViewController.xib */; };
		54D082CE29863FA6008B0FBC /* KYCFinishViewController.swift in Sources */ = {isa = PBXBuildFile; fileRef = 54D082CC29863FA6008B0FBC /* KYCFinishViewController.swift */; };
		54D082CF29863FA6008B0FBC /* KYCFinishViewController.xib in Resources */ = {isa = PBXBuildFile; fileRef = 54D082CD29863FA6008B0FBC /* KYCFinishViewController.xib */; };
		54D082D229864531008B0FBC /* KYCUnAvailableViewController.swift in Sources */ = {isa = PBXBuildFile; fileRef = 54D082D029864531008B0FBC /* KYCUnAvailableViewController.swift */; };
		54D082D329864531008B0FBC /* KYCUnAvailableViewController.xib in Resources */ = {isa = PBXBuildFile; fileRef = 54D082D129864531008B0FBC /* KYCUnAvailableViewController.xib */; };
		54D082DD29865955008B0FBC /* WalletViewController.swift in Sources */ = {isa = PBXBuildFile; fileRef = 54D082DB29865955008B0FBC /* WalletViewController.swift */; };
		54D082DE29865955008B0FBC /* WalletViewController.xib in Resources */ = {isa = PBXBuildFile; fileRef = 54D082DC29865955008B0FBC /* WalletViewController.xib */; };
		54D082E129865965008B0FBC /* CardViewController.swift in Sources */ = {isa = PBXBuildFile; fileRef = 54D082DF29865965008B0FBC /* CardViewController.swift */; };
		54D082E229865965008B0FBC /* CardViewController.xib in Resources */ = {isa = PBXBuildFile; fileRef = 54D082E029865965008B0FBC /* CardViewController.xib */; };
		E86C994F204390CC5D44D531 /* Pods_DCard.framework in Frameworks */ = {isa = PBXBuildFile; fileRef = 9A4E035AEB38AFB921F754BF /* Pods_DCard.framework */; };
/* End PBXBuildFile section */

/* Begin PBXContainerItemProxy section */
		547F4D1C29640393007B05B9 /* PBXContainerItemProxy */ = {
			isa = PBXContainerItemProxy;
			containerPortal = 547F4CFD29640392007B05B9 /* Project object */;
			proxyType = 1;
			remoteGlobalIDString = 547F4D0429640392007B05B9;
			remoteInfo = DCard;
		};
		547F4D2629640393007B05B9 /* PBXContainerItemProxy */ = {
			isa = PBXContainerItemProxy;
			containerPortal = 547F4CFD29640392007B05B9 /* Project object */;
			proxyType = 1;
			remoteGlobalIDString = 547F4D0429640392007B05B9;
			remoteInfo = DCard;
		};
/* End PBXContainerItemProxy section */

/* Begin PBXFileReference section */
		0418E050854616EFDA5F4DD5 /* Pods_DCardTests.framework */ = {isa = PBXFileReference; explicitFileType = wrapper.framework; includeInIndex = 0; path = Pods_DCardTests.framework; sourceTree = BUILT_PRODUCTS_DIR; };
		25766209AC4621BF02B76576 /* Pods-DCard.debug.xcconfig */ = {isa = PBXFileReference; includeInIndex = 1; lastKnownFileType = text.xcconfig; name = "Pods-DCard.debug.xcconfig"; path = "Target Support Files/Pods-DCard/Pods-DCard.debug.xcconfig"; sourceTree = "<group>"; };
		541A8D192964164600C59026 /* HomeViewController.swift */ = {isa = PBXFileReference; lastKnownFileType = sourcecode.swift; path = HomeViewController.swift; sourceTree = "<group>"; };
		541A8D1A2964164600C59026 /* HomeViewController.xib */ = {isa = PBXFileReference; lastKnownFileType = file.xib; path = HomeViewController.xib; sourceTree = "<group>"; };
		541A8D1E29641F1F00C59026 /* BaseTargetType.swift */ = {isa = PBXFileReference; fileEncoding = 4; lastKnownFileType = sourcecode.swift; path = BaseTargetType.swift; sourceTree = "<group>"; };
		541A8D1F29641F1F00C59026 /* BaseViewController.swift */ = {isa = PBXFileReference; fileEncoding = 4; lastKnownFileType = sourcecode.swift; path = BaseViewController.swift; sourceTree = "<group>"; };
		541A8D2029641F1F00C59026 /* Wrapper.swift */ = {isa = PBXFileReference; fileEncoding = 4; lastKnownFileType = sourcecode.swift; path = Wrapper.swift; sourceTree = "<group>"; };
		541A8D2129641F1F00C59026 /* AppManager.swift */ = {isa = PBXFileReference; fileEncoding = 4; lastKnownFileType = sourcecode.swift; path = AppManager.swift; sourceTree = "<group>"; };
		541A8D2229641F1F00C59026 /* DLog.swift */ = {isa = PBXFileReference; fileEncoding = 4; lastKnownFileType = sourcecode.swift; path = DLog.swift; sourceTree = "<group>"; };
		541A8D2329641F1F00C59026 /* Constant.swift */ = {isa = PBXFileReference; fileEncoding = 4; lastKnownFileType = sourcecode.swift; path = Constant.swift; sourceTree = "<group>"; };
		541A8D2429641F1F00C59026 /* LocalizationManager.swift */ = {isa = PBXFileReference; fileEncoding = 4; lastKnownFileType = sourcecode.swift; path = LocalizationManager.swift; sourceTree = "<group>"; };
		541A8D2629641F1F00C59026 /* MoyaProvider+Extension.swift */ = {isa = PBXFileReference; fileEncoding = 4; lastKnownFileType = sourcecode.swift; path = "MoyaProvider+Extension.swift"; sourceTree = "<group>"; };
		541A8D2729641F1F00C59026 /* UITableView+Extension.swift */ = {isa = PBXFileReference; fileEncoding = 4; lastKnownFileType = sourcecode.swift; path = "UITableView+Extension.swift"; sourceTree = "<group>"; };
		541A8D3329641F8B00C59026 /* UserManager.swift */ = {isa = PBXFileReference; fileEncoding = 4; lastKnownFileType = sourcecode.swift; path = UserManager.swift; sourceTree = "<group>"; };
		541A8D3629641FC300C59026 /* UserModel.swift */ = {isa = PBXFileReference; fileEncoding = 4; lastKnownFileType = sourcecode.swift; path = UserModel.swift; sourceTree = "<group>"; };
		541A8D3B296421E800C59026 /* TabBarController.swift */ = {isa = PBXFileReference; lastKnownFileType = sourcecode.swift; path = TabBarController.swift; sourceTree = "<group>"; };
		541A8D402964242D00C59026 /* en */ = {isa = PBXFileReference; lastKnownFileType = text.plist.strings; name = en; path = en.lproj/InfoPlist.strings; sourceTree = "<group>"; };
		541A8D452964251F00C59026 /* zh-Hans */ = {isa = PBXFileReference; lastKnownFileType = text.plist.strings; name = "zh-Hans"; path = "zh-Hans.lproj/InfoPlist.strings"; sourceTree = "<group>"; };
		541A8D472964252A00C59026 /* en */ = {isa = PBXFileReference; lastKnownFileType = text.plist.strings; name = en; path = en.lproj/Localizable.strings; sourceTree = "<group>"; };
		541A8D492964252D00C59026 /* zh-Hans */ = {isa = PBXFileReference; lastKnownFileType = text.plist.strings; name = "zh-Hans"; path = "zh-Hans.lproj/Localizable.strings"; sourceTree = "<group>"; };
		541A8D5029655DAE00C59026 /* LocalAuthenManager.swift */ = {isa = PBXFileReference; lastKnownFileType = sourcecode.swift; path = LocalAuthenManager.swift; sourceTree = "<group>"; };
		541A8D572965702200C59026 /* R.generated.swift */ = {isa = PBXFileReference; fileEncoding = 4; lastKnownFileType = sourcecode.swift; path = R.generated.swift; sourceTree = "<group>"; };
		541A8D5E2966CFF900C59026 /* LockScreenViewController.swift */ = {isa = PBXFileReference; lastKnownFileType = sourcecode.swift; path = LockScreenViewController.swift; sourceTree = "<group>"; };
		541A8D5F2966CFF900C59026 /* LockScreenViewController.xib */ = {isa = PBXFileReference; lastKnownFileType = file.xib; path = LockScreenViewController.xib; sourceTree = "<group>"; };
		541A8D632966D70700C59026 /* NineGraphLockScreenViewController.swift */ = {isa = PBXFileReference; lastKnownFileType = sourcecode.swift; path = NineGraphLockScreenViewController.swift; sourceTree = "<group>"; };
		541A8D7529682D5B00C59026 /* GuidePagerViewCell.swift */ = {isa = PBXFileReference; fileEncoding = 4; lastKnownFileType = sourcecode.swift; path = GuidePagerViewCell.swift; sourceTree = "<group>"; };
		541A8D7629682D5B00C59026 /* GuidePagerViewCell.xib */ = {isa = PBXFileReference; fileEncoding = 4; lastKnownFileType = file.xib; path = GuidePagerViewCell.xib; sourceTree = "<group>"; };
		541A8D7829682D5B00C59026 /* GuideCollectionModel.swift */ = {isa = PBXFileReference; fileEncoding = 4; lastKnownFileType = sourcecode.swift; path = GuideCollectionModel.swift; sourceTree = "<group>"; };
		541A8D7A29682D5B00C59026 /* GuideViewController.xib */ = {isa = PBXFileReference; fileEncoding = 4; lastKnownFileType = file.xib; path = GuideViewController.xib; sourceTree = "<group>"; };
		541A8D7B29682D5B00C59026 /* GuideViewController.swift */ = {isa = PBXFileReference; fileEncoding = 4; lastKnownFileType = sourcecode.swift; path = GuideViewController.swift; sourceTree = "<group>"; };
		541A8D82296BFCFA00C59026 /* Roboto-Bold-3.ttf */ = {isa = PBXFileReference; lastKnownFileType = file; path = "Roboto-Bold-3.ttf"; sourceTree = "<group>"; };
		541A8D83296BFCFA00C59026 /* Roboto-Regular-14.ttf */ = {isa = PBXFileReference; lastKnownFileType = file; path = "Roboto-Regular-14.ttf"; sourceTree = "<group>"; };
		541A8D84296BFCFB00C59026 /* Roboto-Light-10.ttf */ = {isa = PBXFileReference; lastKnownFileType = file; path = "Roboto-Light-10.ttf"; sourceTree = "<group>"; };
		541A8D85296BFCFB00C59026 /* Roboto-Medium-12.ttf */ = {isa = PBXFileReference; lastKnownFileType = file; path = "Roboto-Medium-12.ttf"; sourceTree = "<group>"; };
		541A8D86296BFEC600C59026 /* UIFont+Extension.swift */ = {isa = PBXFileReference; lastKnownFileType = sourcecode.swift; path = "UIFont+Extension.swift"; sourceTree = "<group>"; };
		541A8D90296C07D200C59026 /* DIN Bold.ttf */ = {isa = PBXFileReference; lastKnownFileType = file; path = "DIN Bold.ttf"; sourceTree = "<group>"; };
		541A8D91296C07D200C59026 /* DIN Light.ttf */ = {isa = PBXFileReference; lastKnownFileType = file; path = "DIN Light.ttf"; sourceTree = "<group>"; };
		542BC181296E8D2B00133659 /* SettingPasswordTipsTableViewCell.swift */ = {isa = PBXFileReference; lastKnownFileType = sourcecode.swift; path = SettingPasswordTipsTableViewCell.swift; sourceTree = "<group>"; };
		542BC182296E8D2B00133659 /* SettingPasswordTipsTableViewCell.xib */ = {isa = PBXFileReference; lastKnownFileType = file.xib; path = SettingPasswordTipsTableViewCell.xib; sourceTree = "<group>"; };
		542BC185296FF30600133659 /* BindPhoneViewController.swift */ = {isa = PBXFileReference; lastKnownFileType = sourcecode.swift; path = BindPhoneViewController.swift; sourceTree = "<group>"; };
		542BC186296FF30600133659 /* BindPhoneViewController.xib */ = {isa = PBXFileReference; lastKnownFileType = file.xib; path = BindPhoneViewController.xib; sourceTree = "<group>"; };
		542BC189297001DD00133659 /* ChooseRegionViewController.swift */ = {isa = PBXFileReference; lastKnownFileType = sourcecode.swift; path = ChooseRegionViewController.swift; sourceTree = "<group>"; };
		542BC18A297001DD00133659 /* ChooseRegionViewController.xib */ = {isa = PBXFileReference; lastKnownFileType = file.xib; path = ChooseRegionViewController.xib; sourceTree = "<group>"; };
		542BC18D297008EB00133659 /* ChooseRegionTableViewCell.swift */ = {isa = PBXFileReference; lastKnownFileType = sourcecode.swift; path = ChooseRegionTableViewCell.swift; sourceTree = "<group>"; };
		542BC18E297008EB00133659 /* ChooseRegionTableViewCell.xib */ = {isa = PBXFileReference; lastKnownFileType = file.xib; path = ChooseRegionTableViewCell.xib; sourceTree = "<group>"; };
		542BC1912970F86A00133659 /* VerificationCodeViewController.swift */ = {isa = PBXFileReference; lastKnownFileType = sourcecode.swift; path = VerificationCodeViewController.swift; sourceTree = "<group>"; };
		542BC1922970F86A00133659 /* VerificationCodeViewController.xib */ = {isa = PBXFileReference; lastKnownFileType = file.xib; path = VerificationCodeViewController.xib; sourceTree = "<group>"; };
		542BC195297573BC00133659 /* FillInNameAndNationalViewController.swift */ = {isa = PBXFileReference; lastKnownFileType = sourcecode.swift; path = FillInNameAndNationalViewController.swift; sourceTree = "<group>"; };
		542BC196297573BC00133659 /* FillInNameAndNationalViewController.xib */ = {isa = PBXFileReference; lastKnownFileType = file.xib; path = FillInNameAndNationalViewController.xib; sourceTree = "<group>"; };
		542BC19A2975A26C00133659 /* ChooseRegionModel.swift */ = {isa = PBXFileReference; lastKnownFileType = sourcecode.swift; path = ChooseRegionModel.swift; sourceTree = "<group>"; };
		542BC19D2977026900133659 /* LoginViewController.swift */ = {isa = PBXFileReference; lastKnownFileType = sourcecode.swift; path = LoginViewController.swift; sourceTree = "<group>"; };
		542BC19E2977026900133659 /* LoginViewController.xib */ = {isa = PBXFileReference; lastKnownFileType = file.xib; path = LoginViewController.xib; sourceTree = "<group>"; };
		544ABBCD2987938A00C840FA /* ForgotPasswordEmailCheckViewController.swift */ = {isa = PBXFileReference; lastKnownFileType = sourcecode.swift; path = ForgotPasswordEmailCheckViewController.swift; sourceTree = "<group>"; };
		544ABBCE2987938A00C840FA /* ForgotPasswordEmailCheckViewController.xib */ = {isa = PBXFileReference; lastKnownFileType = file.xib; path = ForgotPasswordEmailCheckViewController.xib; sourceTree = "<group>"; };
		545C567E2978507800D7F058 /* BiometricsViewController.swift */ = {isa = PBXFileReference; lastKnownFileType = sourcecode.swift; path = BiometricsViewController.swift; sourceTree = "<group>"; };
		545C567F2978507800D7F058 /* BiometricsViewController.xib */ = {isa = PBXFileReference; lastKnownFileType = file.xib; path = BiometricsViewController.xib; sourceTree = "<group>"; };
		545C56822984FB1D00D7F058 /* PasswordLoginViewController.swift */ = {isa = PBXFileReference; lastKnownFileType = sourcecode.swift; path = PasswordLoginViewController.swift; sourceTree = "<group>"; };
		545C56832984FB1D00D7F058 /* PasswordLoginViewController.xib */ = {isa = PBXFileReference; lastKnownFileType = file.xib; path = PasswordLoginViewController.xib; sourceTree = "<group>"; };
		545C56872985141100D7F058 /* VerifyYourIdentityGuideViewController.swift */ = {isa = PBXFileReference; lastKnownFileType = sourcecode.swift; path = VerifyYourIdentityGuideViewController.swift; sourceTree = "<group>"; };
		545C56882985141100D7F058 /* VerifyYourIdentityGuideViewController.xib */ = {isa = PBXFileReference; lastKnownFileType = file.xib; path = VerifyYourIdentityGuideViewController.xib; sourceTree = "<group>"; };
		545C569729852B7000D7F058 /* KYCFillInNameAndNationalViewController.swift */ = {isa = PBXFileReference; lastKnownFileType = sourcecode.swift; path = KYCFillInNameAndNationalViewController.swift; sourceTree = "<group>"; };
		545C569829852B7000D7F058 /* KYCFillInNameAndNationalViewController.xib */ = {isa = PBXFileReference; lastKnownFileType = file.xib; path = KYCFillInNameAndNationalViewController.xib; sourceTree = "<group>"; };
		545C569B2986142F00D7F058 /* FillInAddressViewController.swift */ = {isa = PBXFileReference; lastKnownFileType = sourcecode.swift; path = FillInAddressViewController.swift; sourceTree = "<group>"; };
		545C569C2986142F00D7F058 /* FillInAddressViewController.xib */ = {isa = PBXFileReference; lastKnownFileType = file.xib; path = FillInAddressViewController.xib; sourceTree = "<group>"; };
		5473220229879A18007B9AEA /* SecurityVerificationViewController.swift */ = {isa = PBXFileReference; lastKnownFileType = sourcecode.swift; path = SecurityVerificationViewController.swift; sourceTree = "<group>"; };
		5473220329879A18007B9AEA /* SecurityVerificationViewController.xib */ = {isa = PBXFileReference; lastKnownFileType = file.xib; path = SecurityVerificationViewController.xib; sourceTree = "<group>"; };
		547322062987BF0D007B9AEA /* SettingNewPasswordViewController.swift */ = {isa = PBXFileReference; lastKnownFileType = sourcecode.swift; path = SettingNewPasswordViewController.swift; sourceTree = "<group>"; };
		547322072987BF0D007B9AEA /* SettingNewPasswordViewController.xib */ = {isa = PBXFileReference; lastKnownFileType = file.xib; path = SettingNewPasswordViewController.xib; sourceTree = "<group>"; };
		547F4D0529640392007B05B9 /* DCard.app */ = {isa = PBXFileReference; explicitFileType = wrapper.application; includeInIndex = 0; path = DCard.app; sourceTree = BUILT_PRODUCTS_DIR; };
		547F4D0829640392007B05B9 /* AppDelegate.swift */ = {isa = PBXFileReference; lastKnownFileType = sourcecode.swift; path = AppDelegate.swift; sourceTree = "<group>"; };
		547F4D1129640392007B05B9 /* Assets.xcassets */ = {isa = PBXFileReference; lastKnownFileType = folder.assetcatalog; path = Assets.xcassets; sourceTree = "<group>"; };
		547F4D1429640392007B05B9 /* Base */ = {isa = PBXFileReference; lastKnownFileType = file.storyboard; name = Base; path = Base.lproj/LaunchScreen.storyboard; sourceTree = "<group>"; };
		547F4D1629640392007B05B9 /* Info.plist */ = {isa = PBXFileReference; lastKnownFileType = text.plist.xml; path = Info.plist; sourceTree = "<group>"; };
		547F4D1B29640393007B05B9 /* DCardTests.xctest */ = {isa = PBXFileReference; explicitFileType = wrapper.cfbundle; includeInIndex = 0; path = DCardTests.xctest; sourceTree = BUILT_PRODUCTS_DIR; };
		547F4D1F29640393007B05B9 /* DCardTests.swift */ = {isa = PBXFileReference; lastKnownFileType = sourcecode.swift; path = DCardTests.swift; sourceTree = "<group>"; };
		547F4D2529640393007B05B9 /* DCardUITests.xctest */ = {isa = PBXFileReference; explicitFileType = wrapper.cfbundle; includeInIndex = 0; path = DCardUITests.xctest; sourceTree = BUILT_PRODUCTS_DIR; };
		547F4D2929640393007B05B9 /* DCardUITests.swift */ = {isa = PBXFileReference; lastKnownFileType = sourcecode.swift; path = DCardUITests.swift; sourceTree = "<group>"; };
		547F4D2B29640393007B05B9 /* DCardUITestsLaunchTests.swift */ = {isa = PBXFileReference; lastKnownFileType = sourcecode.swift; path = DCardUITestsLaunchTests.swift; sourceTree = "<group>"; };
		54BBA10A296C0E0600EB316F /* StartExperienceViewController.swift */ = {isa = PBXFileReference; lastKnownFileType = sourcecode.swift; path = StartExperienceViewController.swift; sourceTree = "<group>"; };
		54BBA10B296C0E0600EB316F /* StartExperienceViewController.xib */ = {isa = PBXFileReference; lastKnownFileType = file.xib; path = StartExperienceViewController.xib; sourceTree = "<group>"; };
		54BBA114296D0B9200EB316F /* RegisterViewController.swift */ = {isa = PBXFileReference; lastKnownFileType = sourcecode.swift; path = RegisterViewController.swift; sourceTree = "<group>"; };
		54BBA115296D0B9200EB316F /* RegisterViewController.xib */ = {isa = PBXFileReference; lastKnownFileType = file.xib; path = RegisterViewController.xib; sourceTree = "<group>"; };
		54BBA118296D7A5500EB316F /* SettingPasswordViewController.swift */ = {isa = PBXFileReference; lastKnownFileType = sourcecode.swift; path = SettingPasswordViewController.swift; sourceTree = "<group>"; };
		54BBA119296D7A5500EB316F /* SettingPasswordViewController.xib */ = {isa = PBXFileReference; lastKnownFileType = file.xib; path = SettingPasswordViewController.xib; sourceTree = "<group>"; };
		54D082CC29863FA6008B0FBC /* KYCFinishViewController.swift */ = {isa = PBXFileReference; lastKnownFileType = sourcecode.swift; path = KYCFinishViewController.swift; sourceTree = "<group>"; };
		54D082CD29863FA6008B0FBC /* KYCFinishViewController.xib */ = {isa = PBXFileReference; lastKnownFileType = file.xib; path = KYCFinishViewController.xib; sourceTree = "<group>"; };
		54D082D029864531008B0FBC /* KYCUnAvailableViewController.swift */ = {isa = PBXFileReference; lastKnownFileType = sourcecode.swift; path = KYCUnAvailableViewController.swift; sourceTree = "<group>"; };
		54D082D129864531008B0FBC /* KYCUnAvailableViewController.xib */ = {isa = PBXFileReference; lastKnownFileType = file.xib; path = KYCUnAvailableViewController.xib; sourceTree = "<group>"; };
		54D082DB29865955008B0FBC /* WalletViewController.swift */ = {isa = PBXFileReference; lastKnownFileType = sourcecode.swift; path = WalletViewController.swift; sourceTree = "<group>"; };
		54D082DC29865955008B0FBC /* WalletViewController.xib */ = {isa = PBXFileReference; lastKnownFileType = file.xib; path = WalletViewController.xib; sourceTree = "<group>"; };
		54D082DF29865965008B0FBC /* CardViewController.swift */ = {isa = PBXFileReference; lastKnownFileType = sourcecode.swift; path = CardViewController.swift; sourceTree = "<group>"; };
		54D082E029865965008B0FBC /* CardViewController.xib */ = {isa = PBXFileReference; lastKnownFileType = file.xib; path = CardViewController.xib; sourceTree = "<group>"; };
		6978148901B7D68CBED64117 /* Pods-DCard.release.xcconfig */ = {isa = PBXFileReference; includeInIndex = 1; lastKnownFileType = text.xcconfig; name = "Pods-DCard.release.xcconfig"; path = "Target Support Files/Pods-DCard/Pods-DCard.release.xcconfig"; sourceTree = "<group>"; };
		8BD0E5E6DC2A5E430AAEC9CF /* Pods-DCard-DCardUITests.release.xcconfig */ = {isa = PBXFileReference; includeInIndex = 1; lastKnownFileType = text.xcconfig; name = "Pods-DCard-DCardUITests.release.xcconfig"; path = "Target Support Files/Pods-DCard-DCardUITests/Pods-DCard-DCardUITests.release.xcconfig"; sourceTree = "<group>"; };
		91FF5ADB08459E1FC9FE7047 /* Pods-DCardTests.debug.xcconfig */ = {isa = PBXFileReference; includeInIndex = 1; lastKnownFileType = text.xcconfig; name = "Pods-DCardTests.debug.xcconfig"; path = "Target Support Files/Pods-DCardTests/Pods-DCardTests.debug.xcconfig"; sourceTree = "<group>"; };
		9A4E035AEB38AFB921F754BF /* Pods_DCard.framework */ = {isa = PBXFileReference; explicitFileType = wrapper.framework; includeInIndex = 0; path = Pods_DCard.framework; sourceTree = BUILT_PRODUCTS_DIR; };
		B5BDD6AC42281E482E25C86D /* Pods-DCardTests.release.xcconfig */ = {isa = PBXFileReference; includeInIndex = 1; lastKnownFileType = text.xcconfig; name = "Pods-DCardTests.release.xcconfig"; path = "Target Support Files/Pods-DCardTests/Pods-DCardTests.release.xcconfig"; sourceTree = "<group>"; };
		BE9FEE4350086922FA852FFD /* Pods-DCard-DCardUITests.debug.xcconfig */ = {isa = PBXFileReference; includeInIndex = 1; lastKnownFileType = text.xcconfig; name = "Pods-DCard-DCardUITests.debug.xcconfig"; path = "Target Support Files/Pods-DCard-DCardUITests/Pods-DCard-DCardUITests.debug.xcconfig"; sourceTree = "<group>"; };
		C3B819FDEFF0ADAEDF6652E5 /* Pods_DCard_DCardUITests.framework */ = {isa = PBXFileReference; explicitFileType = wrapper.framework; includeInIndex = 0; path = Pods_DCard_DCardUITests.framework; sourceTree = BUILT_PRODUCTS_DIR; };
/* End PBXFileReference section */

/* Begin PBXFrameworksBuildPhase section */
		547F4D0229640392007B05B9 /* Frameworks */ = {
			isa = PBXFrameworksBuildPhase;
			buildActionMask = 2147483647;
			files = (
				E86C994F204390CC5D44D531 /* Pods_DCard.framework in Frameworks */,
			);
			runOnlyForDeploymentPostprocessing = 0;
		};
		547F4D1829640393007B05B9 /* Frameworks */ = {
			isa = PBXFrameworksBuildPhase;
			buildActionMask = 2147483647;
			files = (
				3039B5F9A09B3CC8A0E0578D /* Pods_DCardTests.framework in Frameworks */,
			);
			runOnlyForDeploymentPostprocessing = 0;
		};
		547F4D2229640393007B05B9 /* Frameworks */ = {
			isa = PBXFrameworksBuildPhase;
			buildActionMask = 2147483647;
			files = (
				135CB3F3294F5AD732F4B534 /* Pods_DCard_DCardUITests.framework in Frameworks */,
			);
			runOnlyForDeploymentPostprocessing = 0;
		};
/* End PBXFrameworksBuildPhase section */

/* Begin PBXGroup section */
		479A8D4188916C5CCFAB1A28 /* Frameworks */ = {
			isa = PBXGroup;
			children = (
				9A4E035AEB38AFB921F754BF /* Pods_DCard.framework */,
				C3B819FDEFF0ADAEDF6652E5 /* Pods_DCard_DCardUITests.framework */,
				0418E050854616EFDA5F4DD5 /* Pods_DCardTests.framework */,
			);
			name = Frameworks;
			sourceTree = "<group>";
		};
		541A8D16296415CF00C59026 /* Config */ = {
			isa = PBXGroup;
			children = (
				541A8D572965702200C59026 /* R.generated.swift */,
				547F4D0829640392007B05B9 /* AppDelegate.swift */,
				541A8D3B296421E800C59026 /* TabBarController.swift */,
				547F4D1329640392007B05B9 /* LaunchScreen.storyboard */,
				547F4D1629640392007B05B9 /* Info.plist */,
				541A8D412964242D00C59026 /* InfoPlist.strings */,
				541A8D482964252A00C59026 /* Localizable.strings */,
			);
			path = Config;
			sourceTree = "<group>";
		};
		541A8D17296415DD00C59026 /* Feature */ = {
			isa = PBXGroup;
			children = (
				54D082DA2986593D008B0FBC /* Wallet */,
				54D082D92986590B008B0FBC /* Card */,
				54D082D429864E50008B0FBC /* Security */,
				541A8D382964208100C59026 /* Home */,
				545C56862985132E00D7F058 /* KYC */,
				542BC19C2977025300133659 /* Login */,
				54BBA10E296C127E00EB316F /* Register */,
				541A8D692968282700C59026 /* Guide */,
				541A8D5D2966CF8700C59026 /* LockScreen */,
				541A8D3129641F6500C59026 /* User */,
			);
			path = Feature;
			sourceTree = "<group>";
		};
		541A8D182964160100C59026 /* Source */ = {
			isa = PBXGroup;
			children = (
				541A8D90296C07D200C59026 /* DIN Bold.ttf */,
				541A8D91296C07D200C59026 /* DIN Light.ttf */,
				541A8D82296BFCFA00C59026 /* Roboto-Bold-3.ttf */,
				541A8D84296BFCFB00C59026 /* Roboto-Light-10.ttf */,
				541A8D85296BFCFB00C59026 /* Roboto-Medium-12.ttf */,
				541A8D83296BFCFA00C59026 /* Roboto-Regular-14.ttf */,
				547F4D1129640392007B05B9 /* Assets.xcassets */,
			);
			path = Source;
			sourceTree = "<group>";
		};
		541A8D1D29641EE600C59026 /* Scaffold */ = {
			isa = PBXGroup;
			children = (
				541A8D2529641F1F00C59026 /* Extension */,
				541A8D2229641F1F00C59026 /* DLog.swift */,
				541A8D2329641F1F00C59026 /* Constant.swift */,
				541A8D2029641F1F00C59026 /* Wrapper.swift */,
				541A8D1E29641F1F00C59026 /* BaseTargetType.swift */,
				541A8D1F29641F1F00C59026 /* BaseViewController.swift */,
				541A8D2129641F1F00C59026 /* AppManager.swift */,
				541A8D2429641F1F00C59026 /* LocalizationManager.swift */,
				541A8D5029655DAE00C59026 /* LocalAuthenManager.swift */,
			);
			path = Scaffold;
			sourceTree = "<group>";
		};
		541A8D2529641F1F00C59026 /* Extension */ = {
			isa = PBXGroup;
			children = (
				541A8D2629641F1F00C59026 /* MoyaProvider+Extension.swift */,
				541A8D2729641F1F00C59026 /* UITableView+Extension.swift */,
				541A8D86296BFEC600C59026 /* UIFont+Extension.swift */,
			);
			path = Extension;
			sourceTree = "<group>";
		};
		541A8D3129641F6500C59026 /* User */ = {
			isa = PBXGroup;
			children = (
				541A8D3529641FB500C59026 /* Model */,
				541A8D3229641F6D00C59026 /* Manager */,
			);
			path = User;
			sourceTree = "<group>";
		};
		541A8D3229641F6D00C59026 /* Manager */ = {
			isa = PBXGroup;
			children = (
				541A8D3329641F8B00C59026 /* UserManager.swift */,
			);
			path = Manager;
			sourceTree = "<group>";
		};
		541A8D3529641FB500C59026 /* Model */ = {
			isa = PBXGroup;
			children = (
				541A8D3629641FC300C59026 /* UserModel.swift */,
			);
			path = Model;
			sourceTree = "<group>";
		};
		541A8D382964208100C59026 /* Home */ = {
			isa = PBXGroup;
			children = (
				541A8D192964164600C59026 /* HomeViewController.swift */,
				541A8D1A2964164600C59026 /* HomeViewController.xib */,
			);
			path = Home;
			sourceTree = "<group>";
		};
		541A8D5D2966CF8700C59026 /* LockScreen */ = {
			isa = PBXGroup;
			children = (
				541A8D622966D59400C59026 /* VC */,
			);
			path = LockScreen;
			sourceTree = "<group>";
		};
		541A8D622966D59400C59026 /* VC */ = {
			isa = PBXGroup;
			children = (
				541A8D5E2966CFF900C59026 /* LockScreenViewController.swift */,
				541A8D5F2966CFF900C59026 /* LockScreenViewController.xib */,
				541A8D632966D70700C59026 /* NineGraphLockScreenViewController.swift */,
				545C567E2978507800D7F058 /* BiometricsViewController.swift */,
				545C567F2978507800D7F058 /* BiometricsViewController.xib */,
				545C56822984FB1D00D7F058 /* PasswordLoginViewController.swift */,
				545C56832984FB1D00D7F058 /* PasswordLoginViewController.xib */,
			);
			path = VC;
			sourceTree = "<group>";
		};
		541A8D692968282700C59026 /* Guide */ = {
			isa = PBXGroup;
			children = (
				541A8D7729682D5B00C59026 /* Model */,
				541A8D7929682D5B00C59026 /* VC */,
				541A8D7429682D5B00C59026 /* View */,
			);
			path = Guide;
			sourceTree = "<group>";
		};
		541A8D7429682D5B00C59026 /* View */ = {
			isa = PBXGroup;
			children = (
				541A8D7529682D5B00C59026 /* GuidePagerViewCell.swift */,
				541A8D7629682D5B00C59026 /* GuidePagerViewCell.xib */,
			);
			path = View;
			sourceTree = "<group>";
		};
		541A8D7729682D5B00C59026 /* Model */ = {
			isa = PBXGroup;
			children = (
				541A8D7829682D5B00C59026 /* GuideCollectionModel.swift */,
			);
			path = Model;
			sourceTree = "<group>";
		};
		541A8D7929682D5B00C59026 /* VC */ = {
			isa = PBXGroup;
			children = (
				541A8D7B29682D5B00C59026 /* GuideViewController.swift */,
				541A8D7A29682D5B00C59026 /* GuideViewController.xib */,
				54BBA10A296C0E0600EB316F /* StartExperienceViewController.swift */,
				54BBA10B296C0E0600EB316F /* StartExperienceViewController.xib */,
			);
			path = VC;
			sourceTree = "<group>";
		};
		542BC180296E8CF800133659 /* View */ = {
			isa = PBXGroup;
			children = (
				542BC181296E8D2B00133659 /* SettingPasswordTipsTableViewCell.swift */,
				542BC182296E8D2B00133659 /* SettingPasswordTipsTableViewCell.xib */,
				542BC18D297008EB00133659 /* ChooseRegionTableViewCell.swift */,
				542BC18E297008EB00133659 /* ChooseRegionTableViewCell.xib */,
			);
			path = View;
			sourceTree = "<group>";
		};
		542BC1992975A25400133659 /* Model */ = {
			isa = PBXGroup;
			children = (
				542BC19A2975A26C00133659 /* ChooseRegionModel.swift */,
			);
			path = Model;
			sourceTree = "<group>";
		};
		542BC19C2977025300133659 /* Login */ = {
			isa = PBXGroup;
			children = (
				542BC19D2977026900133659 /* LoginViewController.swift */,
				542BC19E2977026900133659 /* LoginViewController.xib */,
			);
			path = Login;
			sourceTree = "<group>";
		};
		545C56862985132E00D7F058 /* KYC */ = {
			isa = PBXGroup;
			children = (
				545C56872985141100D7F058 /* VerifyYourIdentityGuideViewController.swift */,
				545C56882985141100D7F058 /* VerifyYourIdentityGuideViewController.xib */,
				545C569729852B7000D7F058 /* KYCFillInNameAndNationalViewController.swift */,
				545C569829852B7000D7F058 /* KYCFillInNameAndNationalViewController.xib */,
				545C569B2986142F00D7F058 /* FillInAddressViewController.swift */,
				545C569C2986142F00D7F058 /* FillInAddressViewController.xib */,
				54D082CC29863FA6008B0FBC /* KYCFinishViewController.swift */,
				54D082CD29863FA6008B0FBC /* KYCFinishViewController.xib */,
				54D082D029864531008B0FBC /* KYCUnAvailableViewController.swift */,
				54D082D129864531008B0FBC /* KYCUnAvailableViewController.xib */,
			);
			path = KYC;
			sourceTree = "<group>";
		};
		547F4CFC29640392007B05B9 = {
			isa = PBXGroup;
			children = (
				547F4D0729640392007B05B9 /* DCard */,
				547F4D1E29640393007B05B9 /* DCardTests */,
				547F4D2829640393007B05B9 /* DCardUITests */,
				547F4D0629640392007B05B9 /* Products */,
				A24AD97F5187678639266329 /* Pods */,
				479A8D4188916C5CCFAB1A28 /* Frameworks */,
			);
			sourceTree = "<group>";
		};
		547F4D0629640392007B05B9 /* Products */ = {
			isa = PBXGroup;
			children = (
				547F4D0529640392007B05B9 /* DCard.app */,
				547F4D1B29640393007B05B9 /* DCardTests.xctest */,
				547F4D2529640393007B05B9 /* DCardUITests.xctest */,
			);
			name = Products;
			sourceTree = "<group>";
		};
		547F4D0729640392007B05B9 /* DCard */ = {
			isa = PBXGroup;
			children = (
				541A8D17296415DD00C59026 /* Feature */,
				541A8D1D29641EE600C59026 /* Scaffold */,
				541A8D16296415CF00C59026 /* Config */,
				541A8D182964160100C59026 /* Source */,
			);
			path = DCard;
			sourceTree = "<group>";
		};
		547F4D1E29640393007B05B9 /* DCardTests */ = {
			isa = PBXGroup;
			children = (
				547F4D1F29640393007B05B9 /* DCardTests.swift */,
			);
			path = DCardTests;
			sourceTree = "<group>";
		};
		547F4D2829640393007B05B9 /* DCardUITests */ = {
			isa = PBXGroup;
			children = (
				547F4D2929640393007B05B9 /* DCardUITests.swift */,
				547F4D2B29640393007B05B9 /* DCardUITestsLaunchTests.swift */,
			);
			path = DCardUITests;
			sourceTree = "<group>";
		};
		54BBA10E296C127E00EB316F /* Register */ = {
			isa = PBXGroup;
			children = (
				542BC1992975A25400133659 /* Model */,
				542BC180296E8CF800133659 /* View */,
				54BBA10F296C133500EB316F /* VC */,
			);
			path = Register;
			sourceTree = "<group>";
		};
		54BBA10F296C133500EB316F /* VC */ = {
			isa = PBXGroup;
			children = (
				54BBA114296D0B9200EB316F /* RegisterViewController.swift */,
				54BBA115296D0B9200EB316F /* RegisterViewController.xib */,
				54BBA118296D7A5500EB316F /* SettingPasswordViewController.swift */,
				54BBA119296D7A5500EB316F /* SettingPasswordViewController.xib */,
				542BC185296FF30600133659 /* BindPhoneViewController.swift */,
				542BC186296FF30600133659 /* BindPhoneViewController.xib */,
				542BC189297001DD00133659 /* ChooseRegionViewController.swift */,
				542BC18A297001DD00133659 /* ChooseRegionViewController.xib */,
				542BC1912970F86A00133659 /* VerificationCodeViewController.swift */,
				542BC1922970F86A00133659 /* VerificationCodeViewController.xib */,
				542BC195297573BC00133659 /* FillInNameAndNationalViewController.swift */,
				542BC196297573BC00133659 /* FillInNameAndNationalViewController.xib */,
			);
			path = VC;
			sourceTree = "<group>";
		};
		54D082D429864E50008B0FBC /* Security */ = {
			isa = PBXGroup;
			children = (
				544ABBCD2987938A00C840FA /* ForgotPasswordEmailCheckViewController.swift */,
				544ABBCE2987938A00C840FA /* ForgotPasswordEmailCheckViewController.xib */,
				5473220229879A18007B9AEA /* SecurityVerificationViewController.swift */,
				5473220329879A18007B9AEA /* SecurityVerificationViewController.xib */,
				547322062987BF0D007B9AEA /* SettingNewPasswordViewController.swift */,
				547322072987BF0D007B9AEA /* SettingNewPasswordViewController.xib */,
			);
			path = Security;
			sourceTree = "<group>";
		};
		54D082D92986590B008B0FBC /* Card */ = {
			isa = PBXGroup;
			children = (
				54D082DF29865965008B0FBC /* CardViewController.swift */,
				54D082E029865965008B0FBC /* CardViewController.xib */,
			);
			path = Card;
			sourceTree = "<group>";
		};
		54D082DA2986593D008B0FBC /* Wallet */ = {
			isa = PBXGroup;
			children = (
				54D082DB29865955008B0FBC /* WalletViewController.swift */,
				54D082DC29865955008B0FBC /* WalletViewController.xib */,
			);
			path = Wallet;
			sourceTree = "<group>";
		};
		A24AD97F5187678639266329 /* Pods */ = {
			isa = PBXGroup;
			children = (
				25766209AC4621BF02B76576 /* Pods-DCard.debug.xcconfig */,
				6978148901B7D68CBED64117 /* Pods-DCard.release.xcconfig */,
				BE9FEE4350086922FA852FFD /* Pods-DCard-DCardUITests.debug.xcconfig */,
				8BD0E5E6DC2A5E430AAEC9CF /* Pods-DCard-DCardUITests.release.xcconfig */,
				91FF5ADB08459E1FC9FE7047 /* Pods-DCardTests.debug.xcconfig */,
				B5BDD6AC42281E482E25C86D /* Pods-DCardTests.release.xcconfig */,
			);
			path = Pods;
			sourceTree = "<group>";
		};
/* End PBXGroup section */

/* Begin PBXNativeTarget section */
		547F4D0429640392007B05B9 /* DCard */ = {
			isa = PBXNativeTarget;
			buildConfigurationList = 547F4D2F29640393007B05B9 /* Build configuration list for PBXNativeTarget "DCard" */;
			buildPhases = (
				CDB32B702087EFB6493335BE /* [CP] Check Pods Manifest.lock */,
				541A8D5229656D1B00C59026 /* R Script */,
				547F4D0129640392007B05B9 /* Sources */,
				547F4D0229640392007B05B9 /* Frameworks */,
				547F4D0329640392007B05B9 /* Resources */,
				8547738D50480BD52242E848 /* [CP] Embed Pods Frameworks */,
			);
			buildRules = (
			);
			dependencies = (
			);
			name = DCard;
			productName = DCard;
			productReference = 547F4D0529640392007B05B9 /* DCard.app */;
			productType = "com.apple.product-type.application";
		};
		547F4D1A29640393007B05B9 /* DCardTests */ = {
			isa = PBXNativeTarget;
			buildConfigurationList = 547F4D3229640393007B05B9 /* Build configuration list for PBXNativeTarget "DCardTests" */;
			buildPhases = (
				6FCD2A8DDA0CF9718F7B00FD /* [CP] Check Pods Manifest.lock */,
				547F4D1729640393007B05B9 /* Sources */,
				547F4D1829640393007B05B9 /* Frameworks */,
				547F4D1929640393007B05B9 /* Resources */,
			);
			buildRules = (
			);
			dependencies = (
				547F4D1D29640393007B05B9 /* PBXTargetDependency */,
			);
			name = DCardTests;
			productName = DCardTests;
			productReference = 547F4D1B29640393007B05B9 /* DCardTests.xctest */;
			productType = "com.apple.product-type.bundle.unit-test";
		};
		547F4D2429640393007B05B9 /* DCardUITests */ = {
			isa = PBXNativeTarget;
			buildConfigurationList = 547F4D3529640393007B05B9 /* Build configuration list for PBXNativeTarget "DCardUITests" */;
			buildPhases = (
				7AAB842319986F326B23984D /* [CP] Check Pods Manifest.lock */,
				547F4D2129640393007B05B9 /* Sources */,
				547F4D2229640393007B05B9 /* Frameworks */,
				547F4D2329640393007B05B9 /* Resources */,
				A57F1EDE6FBDAD18B519E812 /* [CP] Embed Pods Frameworks */,
			);
			buildRules = (
			);
			dependencies = (
				547F4D2729640393007B05B9 /* PBXTargetDependency */,
			);
			name = DCardUITests;
			productName = DCardUITests;
			productReference = 547F4D2529640393007B05B9 /* DCardUITests.xctest */;
			productType = "com.apple.product-type.bundle.ui-testing";
		};
/* End PBXNativeTarget section */

/* Begin PBXProject section */
		547F4CFD29640392007B05B9 /* Project object */ = {
			isa = PBXProject;
			attributes = {
				BuildIndependentTargetsInParallel = 1;
				LastSwiftUpdateCheck = 1420;
				LastUpgradeCheck = 1420;
				ORGANIZATIONNAME = Flashwire;
				TargetAttributes = {
					547F4D0429640392007B05B9 = {
						CreatedOnToolsVersion = 14.2;
					};
					547F4D1A29640393007B05B9 = {
						CreatedOnToolsVersion = 14.2;
						TestTargetID = 547F4D0429640392007B05B9;
					};
					547F4D2429640393007B05B9 = {
						CreatedOnToolsVersion = 14.2;
						TestTargetID = 547F4D0429640392007B05B9;
					};
				};
			};
			buildConfigurationList = 547F4D0029640392007B05B9 /* Build configuration list for PBXProject "DCard" */;
			compatibilityVersion = "Xcode 14.0";
			developmentRegion = en;
			hasScannedForEncodings = 0;
			knownRegions = (
				en,
				Base,
				"zh-Hans",
			);
			mainGroup = 547F4CFC29640392007B05B9;
			productRefGroup = 547F4D0629640392007B05B9 /* Products */;
			projectDirPath = "";
			projectRoot = "";
			targets = (
				547F4D0429640392007B05B9 /* DCard */,
				547F4D1A29640393007B05B9 /* DCardTests */,
				547F4D2429640393007B05B9 /* DCardUITests */,
			);
		};
/* End PBXProject section */

/* Begin PBXResourcesBuildPhase section */
		547F4D0329640392007B05B9 /* Resources */ = {
			isa = PBXResourcesBuildPhase;
			buildActionMask = 2147483647;
			files = (
				541A8D88296C05BB00C59026 /* Roboto-Bold-3.ttf in Resources */,
				54BBA11B296D7A5500EB316F /* SettingPasswordViewController.xib in Resources */,
				5473220529879A18007B9AEA /* SecurityVerificationViewController.xib in Resources */,
				542BC1942970F86A00133659 /* VerificationCodeViewController.xib in Resources */,
				545C56812978507800D7F058 /* BiometricsViewController.xib in Resources */,
				541A8D92296C07D200C59026 /* DIN Bold.ttf in Resources */,
				545C56852984FB1D00D7F058 /* PasswordLoginViewController.xib in Resources */,
				542BC184296E8D2B00133659 /* SettingPasswordTipsTableViewCell.xib in Resources */,
				542BC198297573BC00133659 /* FillInNameAndNationalViewController.xib in Resources */,
				544ABBD02987938A00C840FA /* ForgotPasswordEmailCheckViewController.xib in Resources */,
				541A8D89296C05BB00C59026 /* Roboto-Light-10.ttf in Resources */,
				545C569A29852B7000D7F058 /* KYCFillInNameAndNationalViewController.xib in Resources */,
				541A8D8A296C05BB00C59026 /* Roboto-Medium-12.ttf in Resources */,
				542BC1A02977026900133659 /* LoginViewController.xib in Resources */,
				541A8D8B296C05BB00C59026 /* Roboto-Regular-14.ttf in Resources */,
				541A8D7D29682D5B00C59026 /* GuidePagerViewCell.xib in Resources */,
				541A8D93296C07D200C59026 /* DIN Light.ttf in Resources */,
				541A8D462964252A00C59026 /* Localizable.strings in Resources */,
				541A8D612966CFF900C59026 /* LockScreenViewController.xib in Resources */,
				54D082DE29865955008B0FBC /* WalletViewController.xib in Resources */,
				542BC18C297001DD00133659 /* ChooseRegionViewController.xib in Resources */,
				547F4D1529640392007B05B9 /* LaunchScreen.storyboard in Resources */,
				541A8D3F2964242D00C59026 /* InfoPlist.strings in Resources */,
				54D082D329864531008B0FBC /* KYCUnAvailableViewController.xib in Resources */,
				545C569E2986142F00D7F058 /* FillInAddressViewController.xib in Resources */,
				542BC188296FF30600133659 /* BindPhoneViewController.xib in Resources */,
				541A8D7F29682D5B00C59026 /* GuideViewController.xib in Resources */,
				547F4D1229640392007B05B9 /* Assets.xcassets in Resources */,
				54D082E229865965008B0FBC /* CardViewController.xib in Resources */,
				54BBA10D296C0E0600EB316F /* StartExperienceViewController.xib in Resources */,
				54BBA117296D0B9200EB316F /* RegisterViewController.xib in Resources */,
				541A8D1C2964164600C59026 /* HomeViewController.xib in Resources */,
				545C568A2985141100D7F058 /* VerifyYourIdentityGuideViewController.xib in Resources */,
				542BC190297008EB00133659 /* ChooseRegionTableViewCell.xib in Resources */,
				54D082CF29863FA6008B0FBC /* KYCFinishViewController.xib in Resources */,
				547322092987BF0D007B9AEA /* SettingNewPasswordViewController.xib in Resources */,
			);
			runOnlyForDeploymentPostprocessing = 0;
		};
		547F4D1929640393007B05B9 /* Resources */ = {
			isa = PBXResourcesBuildPhase;
			buildActionMask = 2147483647;
			files = (
			);
			runOnlyForDeploymentPostprocessing = 0;
		};
		547F4D2329640393007B05B9 /* Resources */ = {
			isa = PBXResourcesBuildPhase;
			buildActionMask = 2147483647;
			files = (
			);
			runOnlyForDeploymentPostprocessing = 0;
		};
/* End PBXResourcesBuildPhase section */

/* Begin PBXShellScriptBuildPhase section */
		541A8D5229656D1B00C59026 /* R Script */ = {
			isa = PBXShellScriptBuildPhase;
			buildActionMask = 2147483647;
			files = (
			);
			inputFileListPaths = (
			);
			inputPaths = (
			);
			name = "R Script";
			outputFileListPaths = (
			);
			outputPaths = (
				$SRCROOT/DCard/Config/R.generated.swift,
			);
			runOnlyForDeploymentPostprocessing = 0;
			shellPath = /bin/sh;
			shellScript = "\"$PODS_ROOT/R.swift/rswift\" generate \"$SRCROOT/DCard/Config/R.generated.swift\"\n";
		};
		6FCD2A8DDA0CF9718F7B00FD /* [CP] Check Pods Manifest.lock */ = {
			isa = PBXShellScriptBuildPhase;
			buildActionMask = 2147483647;
			files = (
			);
			inputFileListPaths = (
			);
			inputPaths = (
				"${PODS_PODFILE_DIR_PATH}/Podfile.lock",
				"${PODS_ROOT}/Manifest.lock",
			);
			name = "[CP] Check Pods Manifest.lock";
			outputFileListPaths = (
			);
			outputPaths = (
				"$(DERIVED_FILE_DIR)/Pods-DCardTests-checkManifestLockResult.txt",
			);
			runOnlyForDeploymentPostprocessing = 0;
			shellPath = /bin/sh;
			shellScript = "diff \"${PODS_PODFILE_DIR_PATH}/Podfile.lock\" \"${PODS_ROOT}/Manifest.lock\" > /dev/null\nif [ $? != 0 ] ; then\n    # print error to STDERR\n    echo \"error: The sandbox is not in sync with the Podfile.lock. Run 'pod install' or update your CocoaPods installation.\" >&2\n    exit 1\nfi\n# This output is used by Xcode 'outputs' to avoid re-running this script phase.\necho \"SUCCESS\" > \"${SCRIPT_OUTPUT_FILE_0}\"\n";
			showEnvVarsInLog = 0;
		};
		7AAB842319986F326B23984D /* [CP] Check Pods Manifest.lock */ = {
			isa = PBXShellScriptBuildPhase;
			buildActionMask = 2147483647;
			files = (
			);
			inputFileListPaths = (
			);
			inputPaths = (
				"${PODS_PODFILE_DIR_PATH}/Podfile.lock",
				"${PODS_ROOT}/Manifest.lock",
			);
			name = "[CP] Check Pods Manifest.lock";
			outputFileListPaths = (
			);
			outputPaths = (
				"$(DERIVED_FILE_DIR)/Pods-DCard-DCardUITests-checkManifestLockResult.txt",
			);
			runOnlyForDeploymentPostprocessing = 0;
			shellPath = /bin/sh;
			shellScript = "diff \"${PODS_PODFILE_DIR_PATH}/Podfile.lock\" \"${PODS_ROOT}/Manifest.lock\" > /dev/null\nif [ $? != 0 ] ; then\n    # print error to STDERR\n    echo \"error: The sandbox is not in sync with the Podfile.lock. Run 'pod install' or update your CocoaPods installation.\" >&2\n    exit 1\nfi\n# This output is used by Xcode 'outputs' to avoid re-running this script phase.\necho \"SUCCESS\" > \"${SCRIPT_OUTPUT_FILE_0}\"\n";
			showEnvVarsInLog = 0;
		};
		8547738D50480BD52242E848 /* [CP] Embed Pods Frameworks */ = {
			isa = PBXShellScriptBuildPhase;
			buildActionMask = 2147483647;
			files = (
			);
			inputFileListPaths = (
				"${PODS_ROOT}/Target Support Files/Pods-DCard/Pods-DCard-frameworks-${CONFIGURATION}-input-files.xcfilelist",
			);
			name = "[CP] Embed Pods Frameworks";
			outputFileListPaths = (
				"${PODS_ROOT}/Target Support Files/Pods-DCard/Pods-DCard-frameworks-${CONFIGURATION}-output-files.xcfilelist",
			);
			runOnlyForDeploymentPostprocessing = 0;
			shellPath = /bin/sh;
			shellScript = "\"${PODS_ROOT}/Target Support Files/Pods-DCard/Pods-DCard-frameworks.sh\"\n";
			showEnvVarsInLog = 0;
		};
		A57F1EDE6FBDAD18B519E812 /* [CP] Embed Pods Frameworks */ = {
			isa = PBXShellScriptBuildPhase;
			buildActionMask = 2147483647;
			files = (
			);
			inputFileListPaths = (
				"${PODS_ROOT}/Target Support Files/Pods-DCard-DCardUITests/Pods-DCard-DCardUITests-frameworks-${CONFIGURATION}-input-files.xcfilelist",
			);
			name = "[CP] Embed Pods Frameworks";
			outputFileListPaths = (
				"${PODS_ROOT}/Target Support Files/Pods-DCard-DCardUITests/Pods-DCard-DCardUITests-frameworks-${CONFIGURATION}-output-files.xcfilelist",
			);
			runOnlyForDeploymentPostprocessing = 0;
			shellPath = /bin/sh;
			shellScript = "\"${PODS_ROOT}/Target Support Files/Pods-DCard-DCardUITests/Pods-DCard-DCardUITests-frameworks.sh\"\n";
			showEnvVarsInLog = 0;
		};
		CDB32B702087EFB6493335BE /* [CP] Check Pods Manifest.lock */ = {
			isa = PBXShellScriptBuildPhase;
			buildActionMask = 2147483647;
			files = (
			);
			inputFileListPaths = (
			);
			inputPaths = (
				"${PODS_PODFILE_DIR_PATH}/Podfile.lock",
				"${PODS_ROOT}/Manifest.lock",
			);
			name = "[CP] Check Pods Manifest.lock";
			outputFileListPaths = (
			);
			outputPaths = (
				"$(DERIVED_FILE_DIR)/Pods-DCard-checkManifestLockResult.txt",
			);
			runOnlyForDeploymentPostprocessing = 0;
			shellPath = /bin/sh;
			shellScript = "diff \"${PODS_PODFILE_DIR_PATH}/Podfile.lock\" \"${PODS_ROOT}/Manifest.lock\" > /dev/null\nif [ $? != 0 ] ; then\n    # print error to STDERR\n    echo \"error: The sandbox is not in sync with the Podfile.lock. Run 'pod install' or update your CocoaPods installation.\" >&2\n    exit 1\nfi\n# This output is used by Xcode 'outputs' to avoid re-running this script phase.\necho \"SUCCESS\" > \"${SCRIPT_OUTPUT_FILE_0}\"\n";
			showEnvVarsInLog = 0;
		};
/* End PBXShellScriptBuildPhase section */

/* Begin PBXSourcesBuildPhase section */
		547F4D0129640392007B05B9 /* Sources */ = {
			isa = PBXSourcesBuildPhase;
			buildActionMask = 2147483647;
			files = (
				541A8D3029641F1F00C59026 /* UITableView+Extension.swift in Sources */,
				547F4D0929640392007B05B9 /* AppDelegate.swift in Sources */,
				54D082CE29863FA6008B0FBC /* KYCFinishViewController.swift in Sources */,
				541A8D2E29641F1F00C59026 /* LocalizationManager.swift in Sources */,
				541A8D2A29641F1F00C59026 /* Wrapper.swift in Sources */,
				541A8D7C29682D5B00C59026 /* GuidePagerViewCell.swift in Sources */,
				545C56802978507800D7F058 /* BiometricsViewController.swift in Sources */,
				547322082987BF0D007B9AEA /* SettingNewPasswordViewController.swift in Sources */,
				541A8D2929641F1F00C59026 /* BaseViewController.swift in Sources */,
				54D082E129865965008B0FBC /* CardViewController.swift in Sources */,
				5473220429879A18007B9AEA /* SecurityVerificationViewController.swift in Sources */,
				541A8D3729641FC300C59026 /* UserModel.swift in Sources */,
				541A8D2D29641F1F00C59026 /* Constant.swift in Sources */,
				542BC19B2975A26C00133659 /* ChooseRegionModel.swift in Sources */,
				541A8D3429641F8B00C59026 /* UserManager.swift in Sources */,
				541A8D2C29641F1F00C59026 /* DLog.swift in Sources */,
				545C56842984FB1D00D7F058 /* PasswordLoginViewController.swift in Sources */,
				545C569D2986142F00D7F058 /* FillInAddressViewController.swift in Sources */,
				542BC18B297001DD00133659 /* ChooseRegionViewController.swift in Sources */,
				541A8D87296BFEC600C59026 /* UIFont+Extension.swift in Sources */,
				542BC183296E8D2B00133659 /* SettingPasswordTipsTableViewCell.swift in Sources */,
				542BC197297573BC00133659 /* FillInNameAndNationalViewController.swift in Sources */,
				54D082D229864531008B0FBC /* KYCUnAvailableViewController.swift in Sources */,
				541A8D602966CFF900C59026 /* LockScreenViewController.swift in Sources */,
				541A8D2F29641F1F00C59026 /* MoyaProvider+Extension.swift in Sources */,
				541A8D2B29641F1F00C59026 /* AppManager.swift in Sources */,
				545C569929852B7000D7F058 /* KYCFillInNameAndNationalViewController.swift in Sources */,
				542BC18F297008EB00133659 /* ChooseRegionTableViewCell.swift in Sources */,
				541A8D582965702200C59026 /* R.generated.swift in Sources */,
				542BC1932970F86A00133659 /* VerificationCodeViewController.swift in Sources */,
				542BC19F2977026900133659 /* LoginViewController.swift in Sources */,
				54BBA116296D0B9200EB316F /* RegisterViewController.swift in Sources */,
				545C56892985141100D7F058 /* VerifyYourIdentityGuideViewController.swift in Sources */,
				541A8D3C296421E800C59026 /* TabBarController.swift in Sources */,
				54BBA11A296D7A5500EB316F /* SettingPasswordViewController.swift in Sources */,
				541A8D642966D70700C59026 /* NineGraphLockScreenViewController.swift in Sources */,
				542BC187296FF30600133659 /* BindPhoneViewController.swift in Sources */,
				541A8D7E29682D5B00C59026 /* GuideCollectionModel.swift in Sources */,
				541A8D8029682D5B00C59026 /* GuideViewController.swift in Sources */,
				544ABBCF2987938A00C840FA /* ForgotPasswordEmailCheckViewController.swift in Sources */,
				54D082DD29865955008B0FBC /* WalletViewController.swift in Sources */,
				541A8D1B2964164600C59026 /* HomeViewController.swift in Sources */,
				54BBA10C296C0E0600EB316F /* StartExperienceViewController.swift in Sources */,
				541A8D5129655DAE00C59026 /* LocalAuthenManager.swift in Sources */,
				541A8D2829641F1F00C59026 /* BaseTargetType.swift in Sources */,
			);
			runOnlyForDeploymentPostprocessing = 0;
		};
		547F4D1729640393007B05B9 /* Sources */ = {
			isa = PBXSourcesBuildPhase;
			buildActionMask = 2147483647;
			files = (
				547F4D2029640393007B05B9 /* DCardTests.swift in Sources */,
			);
			runOnlyForDeploymentPostprocessing = 0;
		};
		547F4D2129640393007B05B9 /* Sources */ = {
			isa = PBXSourcesBuildPhase;
			buildActionMask = 2147483647;
			files = (
				547F4D2A29640393007B05B9 /* DCardUITests.swift in Sources */,
				547F4D2C29640393007B05B9 /* DCardUITestsLaunchTests.swift in Sources */,
			);
			runOnlyForDeploymentPostprocessing = 0;
		};
/* End PBXSourcesBuildPhase section */

/* Begin PBXTargetDependency section */
		547F4D1D29640393007B05B9 /* PBXTargetDependency */ = {
			isa = PBXTargetDependency;
			target = 547F4D0429640392007B05B9 /* DCard */;
			targetProxy = 547F4D1C29640393007B05B9 /* PBXContainerItemProxy */;
		};
		547F4D2729640393007B05B9 /* PBXTargetDependency */ = {
			isa = PBXTargetDependency;
			target = 547F4D0429640392007B05B9 /* DCard */;
			targetProxy = 547F4D2629640393007B05B9 /* PBXContainerItemProxy */;
		};
/* End PBXTargetDependency section */

/* Begin PBXVariantGroup section */
		541A8D412964242D00C59026 /* InfoPlist.strings */ = {
			isa = PBXVariantGroup;
			children = (
				541A8D402964242D00C59026 /* en */,
				541A8D452964251F00C59026 /* zh-Hans */,
			);
			name = InfoPlist.strings;
			sourceTree = "<group>";
		};
		541A8D482964252A00C59026 /* Localizable.strings */ = {
			isa = PBXVariantGroup;
			children = (
				541A8D472964252A00C59026 /* en */,
				541A8D492964252D00C59026 /* zh-Hans */,
			);
			name = Localizable.strings;
			sourceTree = "<group>";
		};
		547F4D1329640392007B05B9 /* LaunchScreen.storyboard */ = {
			isa = PBXVariantGroup;
			children = (
				547F4D1429640392007B05B9 /* Base */,
			);
			name = LaunchScreen.storyboard;
			sourceTree = "<group>";
		};
/* End PBXVariantGroup section */

/* Begin XCBuildConfiguration section */
		547F4D2D29640393007B05B9 /* Debug */ = {
			isa = XCBuildConfiguration;
			buildSettings = {
				ALWAYS_SEARCH_USER_PATHS = NO;
				CLANG_ANALYZER_LOCALIZABILITY_NONLOCALIZED = YES;
				CLANG_ANALYZER_NONNULL = YES;
				CLANG_ANALYZER_NUMBER_OBJECT_CONVERSION = YES_AGGRESSIVE;
				CLANG_CXX_LANGUAGE_STANDARD = "gnu++20";
				CLANG_ENABLE_MODULES = YES;
				CLANG_ENABLE_OBJC_ARC = YES;
				CLANG_ENABLE_OBJC_WEAK = YES;
				CLANG_WARN_BLOCK_CAPTURE_AUTORELEASING = YES;
				CLANG_WARN_BOOL_CONVERSION = YES;
				CLANG_WARN_COMMA = YES;
				CLANG_WARN_CONSTANT_CONVERSION = YES;
				CLANG_WARN_DEPRECATED_OBJC_IMPLEMENTATIONS = YES;
				CLANG_WARN_DIRECT_OBJC_ISA_USAGE = YES_ERROR;
				CLANG_WARN_DOCUMENTATION_COMMENTS = YES;
				CLANG_WARN_EMPTY_BODY = YES;
				CLANG_WARN_ENUM_CONVERSION = YES;
				CLANG_WARN_INFINITE_RECURSION = YES;
				CLANG_WARN_INT_CONVERSION = YES;
				CLANG_WARN_NON_LITERAL_NULL_CONVERSION = YES;
				CLANG_WARN_OBJC_IMPLICIT_RETAIN_SELF = YES;
				CLANG_WARN_OBJC_LITERAL_CONVERSION = YES;
				CLANG_WARN_OBJC_ROOT_CLASS = YES_ERROR;
				CLANG_WARN_QUOTED_INCLUDE_IN_FRAMEWORK_HEADER = YES;
				CLANG_WARN_RANGE_LOOP_ANALYSIS = YES;
				CLANG_WARN_STRICT_PROTOTYPES = YES;
				CLANG_WARN_SUSPICIOUS_MOVE = YES;
				CLANG_WARN_UNGUARDED_AVAILABILITY = YES_AGGRESSIVE;
				CLANG_WARN_UNREACHABLE_CODE = YES;
				CLANG_WARN__DUPLICATE_METHOD_MATCH = YES;
				COPY_PHASE_STRIP = NO;
				DEBUG_INFORMATION_FORMAT = dwarf;
				ENABLE_STRICT_OBJC_MSGSEND = YES;
				ENABLE_TESTABILITY = YES;
				GCC_C_LANGUAGE_STANDARD = gnu11;
				GCC_DYNAMIC_NO_PIC = NO;
				GCC_NO_COMMON_BLOCKS = YES;
				GCC_OPTIMIZATION_LEVEL = 0;
				GCC_PREPROCESSOR_DEFINITIONS = (
					"DEBUG=1",
					"$(inherited)",
				);
				GCC_WARN_64_TO_32_BIT_CONVERSION = YES;
				GCC_WARN_ABOUT_RETURN_TYPE = YES_ERROR;
				GCC_WARN_UNDECLARED_SELECTOR = YES;
				GCC_WARN_UNINITIALIZED_AUTOS = YES_AGGRESSIVE;
				GCC_WARN_UNUSED_FUNCTION = YES;
				GCC_WARN_UNUSED_VARIABLE = YES;
				IPHONEOS_DEPLOYMENT_TARGET = 13.0;
				MTL_ENABLE_DEBUG_INFO = INCLUDE_SOURCE;
				MTL_FAST_MATH = YES;
				ONLY_ACTIVE_ARCH = YES;
				SDKROOT = iphoneos;
				SWIFT_ACTIVE_COMPILATION_CONDITIONS = DEBUG;
				SWIFT_OPTIMIZATION_LEVEL = "-Onone";
			};
			name = Debug;
		};
		547F4D2E29640393007B05B9 /* Release */ = {
			isa = XCBuildConfiguration;
			buildSettings = {
				ALWAYS_SEARCH_USER_PATHS = NO;
				CLANG_ANALYZER_LOCALIZABILITY_NONLOCALIZED = YES;
				CLANG_ANALYZER_NONNULL = YES;
				CLANG_ANALYZER_NUMBER_OBJECT_CONVERSION = YES_AGGRESSIVE;
				CLANG_CXX_LANGUAGE_STANDARD = "gnu++20";
				CLANG_ENABLE_MODULES = YES;
				CLANG_ENABLE_OBJC_ARC = YES;
				CLANG_ENABLE_OBJC_WEAK = YES;
				CLANG_WARN_BLOCK_CAPTURE_AUTORELEASING = YES;
				CLANG_WARN_BOOL_CONVERSION = YES;
				CLANG_WARN_COMMA = YES;
				CLANG_WARN_CONSTANT_CONVERSION = YES;
				CLANG_WARN_DEPRECATED_OBJC_IMPLEMENTATIONS = YES;
				CLANG_WARN_DIRECT_OBJC_ISA_USAGE = YES_ERROR;
				CLANG_WARN_DOCUMENTATION_COMMENTS = YES;
				CLANG_WARN_EMPTY_BODY = YES;
				CLANG_WARN_ENUM_CONVERSION = YES;
				CLANG_WARN_INFINITE_RECURSION = YES;
				CLANG_WARN_INT_CONVERSION = YES;
				CLANG_WARN_NON_LITERAL_NULL_CONVERSION = YES;
				CLANG_WARN_OBJC_IMPLICIT_RETAIN_SELF = YES;
				CLANG_WARN_OBJC_LITERAL_CONVERSION = YES;
				CLANG_WARN_OBJC_ROOT_CLASS = YES_ERROR;
				CLANG_WARN_QUOTED_INCLUDE_IN_FRAMEWORK_HEADER = YES;
				CLANG_WARN_RANGE_LOOP_ANALYSIS = YES;
				CLANG_WARN_STRICT_PROTOTYPES = YES;
				CLANG_WARN_SUSPICIOUS_MOVE = YES;
				CLANG_WARN_UNGUARDED_AVAILABILITY = YES_AGGRESSIVE;
				CLANG_WARN_UNREACHABLE_CODE = YES;
				CLANG_WARN__DUPLICATE_METHOD_MATCH = YES;
				COPY_PHASE_STRIP = NO;
				DEBUG_INFORMATION_FORMAT = "dwarf-with-dsym";
				ENABLE_NS_ASSERTIONS = NO;
				ENABLE_STRICT_OBJC_MSGSEND = YES;
				GCC_C_LANGUAGE_STANDARD = gnu11;
				GCC_NO_COMMON_BLOCKS = YES;
				GCC_WARN_64_TO_32_BIT_CONVERSION = YES;
				GCC_WARN_ABOUT_RETURN_TYPE = YES_ERROR;
				GCC_WARN_UNDECLARED_SELECTOR = YES;
				GCC_WARN_UNINITIALIZED_AUTOS = YES_AGGRESSIVE;
				GCC_WARN_UNUSED_FUNCTION = YES;
				GCC_WARN_UNUSED_VARIABLE = YES;
				IPHONEOS_DEPLOYMENT_TARGET = 13.0;
				MTL_ENABLE_DEBUG_INFO = NO;
				MTL_FAST_MATH = YES;
				SDKROOT = iphoneos;
				SWIFT_COMPILATION_MODE = wholemodule;
				SWIFT_OPTIMIZATION_LEVEL = "-O";
				VALIDATE_PRODUCT = YES;
			};
			name = Release;
		};
		547F4D3029640393007B05B9 /* Debug */ = {
			isa = XCBuildConfiguration;
			baseConfigurationReference = 25766209AC4621BF02B76576 /* Pods-DCard.debug.xcconfig */;
			buildSettings = {
				ASSETCATALOG_COMPILER_APPICON_NAME = AppIcon;
				ASSETCATALOG_COMPILER_GLOBAL_ACCENT_COLOR_NAME = AccentColor;
				CODE_SIGN_STYLE = Automatic;
				CURRENT_PROJECT_VERSION = 1;
				DEVELOPMENT_TEAM = 7L38QK69R5;
				GENERATE_INFOPLIST_FILE = YES;
				INFOPLIST_FILE = DCard/Config/Info.plist;
				INFOPLIST_KEY_NSFaceIDUsageDescription = "Need to use your biometric information to lock in your app.";
				INFOPLIST_KEY_UIApplicationSupportsIndirectInputEvents = YES;
				INFOPLIST_KEY_UILaunchStoryboardName = LaunchScreen.storyboard;
				INFOPLIST_KEY_UISupportedInterfaceOrientations_iPad = "UIInterfaceOrientationPortrait UIInterfaceOrientationPortraitUpsideDown UIInterfaceOrientationLandscapeLeft UIInterfaceOrientationLandscapeRight";
				INFOPLIST_KEY_UISupportedInterfaceOrientations_iPhone = "UIInterfaceOrientationPortrait UIInterfaceOrientationLandscapeLeft UIInterfaceOrientationLandscapeRight";
				LD_RUNPATH_SEARCH_PATHS = (
					"$(inherited)",
					"@executable_path/Frameworks",
				);
				MARKETING_VERSION = 1.0;
				PRODUCT_BUNDLE_IDENTIFIER = com.debitcard.flashwire;
				PRODUCT_NAME = "$(TARGET_NAME)";
				SWIFT_EMIT_LOC_STRINGS = YES;
				SWIFT_VERSION = 5.0;
				TARGETED_DEVICE_FAMILY = "1,2";
			};
			name = Debug;
		};
		547F4D3129640393007B05B9 /* Release */ = {
			isa = XCBuildConfiguration;
			baseConfigurationReference = 6978148901B7D68CBED64117 /* Pods-DCard.release.xcconfig */;
			buildSettings = {
				ASSETCATALOG_COMPILER_APPICON_NAME = AppIcon;
				ASSETCATALOG_COMPILER_GLOBAL_ACCENT_COLOR_NAME = AccentColor;
				CODE_SIGN_STYLE = Automatic;
				CURRENT_PROJECT_VERSION = 1;
				DEVELOPMENT_TEAM = 7L38QK69R5;
				GENERATE_INFOPLIST_FILE = YES;
				INFOPLIST_FILE = DCard/Config/Info.plist;
				INFOPLIST_KEY_NSFaceIDUsageDescription = "Need to use your biometric information to lock in your app.";
				INFOPLIST_KEY_UIApplicationSupportsIndirectInputEvents = YES;
				INFOPLIST_KEY_UILaunchStoryboardName = LaunchScreen.storyboard;
				INFOPLIST_KEY_UISupportedInterfaceOrientations_iPad = "UIInterfaceOrientationPortrait UIInterfaceOrientationPortraitUpsideDown UIInterfaceOrientationLandscapeLeft UIInterfaceOrientationLandscapeRight";
				INFOPLIST_KEY_UISupportedInterfaceOrientations_iPhone = "UIInterfaceOrientationPortrait UIInterfaceOrientationLandscapeLeft UIInterfaceOrientationLandscapeRight";
				LD_RUNPATH_SEARCH_PATHS = (
					"$(inherited)",
					"@executable_path/Frameworks",
				);
				MARKETING_VERSION = 1.0;
				PRODUCT_BUNDLE_IDENTIFIER = com.debitcard.flashwire;
				PRODUCT_NAME = "$(TARGET_NAME)";
				SWIFT_EMIT_LOC_STRINGS = YES;
				SWIFT_VERSION = 5.0;
				TARGETED_DEVICE_FAMILY = "1,2";
			};
			name = Release;
		};
		547F4D3329640393007B05B9 /* Debug */ = {
			isa = XCBuildConfiguration;
			baseConfigurationReference = 91FF5ADB08459E1FC9FE7047 /* Pods-DCardTests.debug.xcconfig */;
			buildSettings = {
				ALWAYS_EMBED_SWIFT_STANDARD_LIBRARIES = YES;
				BUNDLE_LOADER = "$(TEST_HOST)";
				CODE_SIGN_STYLE = Automatic;
				CURRENT_PROJECT_VERSION = 1;
				DEVELOPMENT_TEAM = 7L38QK69R5;
				GENERATE_INFOPLIST_FILE = YES;
				IPHONEOS_DEPLOYMENT_TARGET = 16.2;
				MARKETING_VERSION = 1.0;
				PRODUCT_BUNDLE_IDENTIFIER = com.debitcard.flashwire.DCardTests;
				PRODUCT_NAME = "$(TARGET_NAME)";
				SWIFT_EMIT_LOC_STRINGS = NO;
				SWIFT_VERSION = 5.0;
				TARGETED_DEVICE_FAMILY = "1,2";
				TEST_HOST = "$(BUILT_PRODUCTS_DIR)/DCard.app/$(BUNDLE_EXECUTABLE_FOLDER_PATH)/DCard";
			};
			name = Debug;
		};
		547F4D3429640393007B05B9 /* Release */ = {
			isa = XCBuildConfiguration;
			baseConfigurationReference = B5BDD6AC42281E482E25C86D /* Pods-DCardTests.release.xcconfig */;
			buildSettings = {
				ALWAYS_EMBED_SWIFT_STANDARD_LIBRARIES = YES;
				BUNDLE_LOADER = "$(TEST_HOST)";
				CODE_SIGN_STYLE = Automatic;
				CURRENT_PROJECT_VERSION = 1;
				DEVELOPMENT_TEAM = 7L38QK69R5;
				GENERATE_INFOPLIST_FILE = YES;
				IPHONEOS_DEPLOYMENT_TARGET = 16.2;
				MARKETING_VERSION = 1.0;
				PRODUCT_BUNDLE_IDENTIFIER = com.debitcard.flashwire.DCardTests;
				PRODUCT_NAME = "$(TARGET_NAME)";
				SWIFT_EMIT_LOC_STRINGS = NO;
				SWIFT_VERSION = 5.0;
				TARGETED_DEVICE_FAMILY = "1,2";
				TEST_HOST = "$(BUILT_PRODUCTS_DIR)/DCard.app/$(BUNDLE_EXECUTABLE_FOLDER_PATH)/DCard";
			};
			name = Release;
		};
		547F4D3629640393007B05B9 /* Debug */ = {
			isa = XCBuildConfiguration;
			baseConfigurationReference = BE9FEE4350086922FA852FFD /* Pods-DCard-DCardUITests.debug.xcconfig */;
			buildSettings = {
				ALWAYS_EMBED_SWIFT_STANDARD_LIBRARIES = YES;
				CODE_SIGN_STYLE = Automatic;
				CURRENT_PROJECT_VERSION = 1;
				DEVELOPMENT_TEAM = 7L38QK69R5;
				GENERATE_INFOPLIST_FILE = YES;
				MARKETING_VERSION = 1.0;
				PRODUCT_BUNDLE_IDENTIFIER = com.debitcard.flashwire.DCardUITests;
				PRODUCT_NAME = "$(TARGET_NAME)";
				SWIFT_EMIT_LOC_STRINGS = NO;
				SWIFT_VERSION = 5.0;
				TARGETED_DEVICE_FAMILY = "1,2";
				TEST_TARGET_NAME = DCard;
			};
			name = Debug;
		};
		547F4D3729640393007B05B9 /* Release */ = {
			isa = XCBuildConfiguration;
			baseConfigurationReference = 8BD0E5E6DC2A5E430AAEC9CF /* Pods-DCard-DCardUITests.release.xcconfig */;
			buildSettings = {
				ALWAYS_EMBED_SWIFT_STANDARD_LIBRARIES = YES;
				CODE_SIGN_STYLE = Automatic;
				CURRENT_PROJECT_VERSION = 1;
				DEVELOPMENT_TEAM = 7L38QK69R5;
				GENERATE_INFOPLIST_FILE = YES;
				MARKETING_VERSION = 1.0;
				PRODUCT_BUNDLE_IDENTIFIER = com.debitcard.flashwire.DCardUITests;
				PRODUCT_NAME = "$(TARGET_NAME)";
				SWIFT_EMIT_LOC_STRINGS = NO;
				SWIFT_VERSION = 5.0;
				TARGETED_DEVICE_FAMILY = "1,2";
				TEST_TARGET_NAME = DCard;
			};
			name = Release;
		};
/* End XCBuildConfiguration section */

/* Begin XCConfigurationList section */
		547F4D0029640392007B05B9 /* Build configuration list for PBXProject "DCard" */ = {
			isa = XCConfigurationList;
			buildConfigurations = (
				547F4D2D29640393007B05B9 /* Debug */,
				547F4D2E29640393007B05B9 /* Release */,
			);
			defaultConfigurationIsVisible = 0;
			defaultConfigurationName = Release;
		};
		547F4D2F29640393007B05B9 /* Build configuration list for PBXNativeTarget "DCard" */ = {
			isa = XCConfigurationList;
			buildConfigurations = (
				547F4D3029640393007B05B9 /* Debug */,
				547F4D3129640393007B05B9 /* Release */,
			);
			defaultConfigurationIsVisible = 0;
			defaultConfigurationName = Release;
		};
		547F4D3229640393007B05B9 /* Build configuration list for PBXNativeTarget "DCardTests" */ = {
			isa = XCConfigurationList;
			buildConfigurations = (
				547F4D3329640393007B05B9 /* Debug */,
				547F4D3429640393007B05B9 /* Release */,
			);
			defaultConfigurationIsVisible = 0;
			defaultConfigurationName = Release;
		};
		547F4D3529640393007B05B9 /* Build configuration list for PBXNativeTarget "DCardUITests" */ = {
			isa = XCConfigurationList;
			buildConfigurations = (
				547F4D3629640393007B05B9 /* Debug */,
				547F4D3729640393007B05B9 /* Release */,
			);
			defaultConfigurationIsVisible = 0;
			defaultConfigurationName = Release;
		};
/* End XCConfigurationList section */
	};
	rootObject = 547F4CFD29640392007B05B9 /* Project object */;
}
